<?xml version="1.0" encoding="utf-8"?>
<Project ToolsVersion="17.0" xmlns="http://schemas.microsoft.com/developer/msbuild/2003">
  <ItemGroup>
    <CustomBuild Include="D:\LG\folder\luyencode\CMakeFiles\443f5b6d72028dc358fad2e8bb21e534\generate.stamp.rule">
      <Filter>CMake Rules</Filter>
    </CustomBuild>
  </ItemGroup>
  <ItemGroup>
    <Filter Include="CMake Rules">
      <UniqueIdentifier>{A7FB7A1F-B85C-3C98-B759-AE6332352A9C}</UniqueIdentifier>
    </Filter>
  </ItemGroup>
</Project>
